--- 
dependencies: 
  activerecord: 
    group: 
    - :default
    version: ">= 0"
  showoff: 
    group: 
    - :default
    version: ">= 0"
  heroku: 
    group: 
    - :default
    version: ">= 0"
  rmagick: 
    group: 
    - :default
    version: ">= 0"
  ohm: 
    group: 
    - :default
    version: ">= 0"
  redis: 
    group: 
    - :default
    version: ">= 0"
specs: 
- rake: 
    version: 0.8.7
- activesupport: 
    version: 2.3.8
- activerecord: 
    version: 2.3.8
- bluecloth: 
    version: 2.0.7
- configuration: 
    version: 1.1.0
- gli: 
    version: 1.1.1
- json_pure: 
    version: 1.4.3
- launchy: 
    version: 0.3.5
- mime-types: 
    version: "1.16"
- rest-client: 
    version: 1.4.2
- heroku: 
    version: 1.9.11
- json: 
    version: 1.4.3
- nokogiri: 
    version: 1.4.2
- redis: 
    version: 2.0.3
- ohm: 
    version: 0.0.36
- rack: 
    version: 1.2.1
- rmagick: 
    version: 2.13.1
- sinatra: 
    version: "1.0"
- showoff: 
    version: 0.2.4
hash: 068aa8b2c8439c33752e058e2cb3f9fbe79bca23
sources: 
- Rubygems: 
    uri: http://gemcutter.org
